{
  "name": "interoperability-ffi-wasm-node",
  "version": "1.0.0",
  "lockfileVersion": 3,
  "requires": true,
  "packages": {
    "": {
      "name": "interoperability-ffi-wasm-node",
      "version": "1.0.0",
      "license": "ISC",
      "dependencies": {
        "@aiamitsuri/interoperability-ffi-wasm": "^0.1.13"
      }
    },
    "node_modules/@aiamitsuri/interoperability-ffi-wasm": {
      "version": "0.1.13",
      "resolved": "https://registry.npmjs.org/@aiamitsuri/interoperability-ffi-wasm/-/interoperability-ffi-wasm-0.1.13.tgz",
      "integrity": "sha512-nwasToiK7c5W4XZkWpoI61t3Ho3YZk78XNoBpId8Ng4hGBvIeELkrFwiqUfInxcDM/Nz+6MRQv51jwH1x+PiAg=="
    }
  }
}
