{
  "name": "interoperability-ffi-wasm-node",
  "version": "1.0.0",
  "lockfileVersion": 3,
  "requires": true,
  "packages": {
    "": {
      "name": "interoperability-ffi-wasm-node",
      "version": "1.0.0",
      "license": "ISC",
      "dependencies": {
        "@aiamitsuri/interoperability-ffi-wasm": "^0.1.9"
      }
    },
    "node_modules/@aiamitsuri/interoperability-ffi-wasm": {
      "version": "0.1.9",
      "resolved": "https://registry.npmjs.org/@aiamitsuri/interoperability-ffi-wasm/-/interoperability-ffi-wasm-0.1.9.tgz",
      "integrity": "sha512-Sgiilv4mZqg4Z04VB+ZBYsOTbSVbC9PTX1tZsijUK4JqaJqhQzVzLq+uCRDxIPa+2HvVI8kult5fXr5Xnb/V4w=="
    }
  }
}
